
Microsoft Visual Studio Solution File, Format Version 12.00
# Visual Studio 15
VisualStudioVersion = 15.0.28307.168
MinimumVisualStudioVersion = 10.0.40219.1
Project("{9A19103F-16F7-4668-BE54-9A1E7A4F7556}") = "DataBaseProject.Data", "DataBaseProject.Data\DataBaseProject.Data.csproj", "{49815E93-945B-43DB-8020-0BBFB8EE185C}"
EndProject
Project("{9A19103F-16F7-4668-BE54-9A1E7A4F7556}") = "DataBaseProject.Entities", "DataBaseProject.Entities\DataBaseProject.Entities.csproj", "{1DA45455-40BA-438C-9E21-400A749C8550}"
EndProject
Project("{9A19103F-16F7-4668-BE54-9A1E7A4F7556}") = "DataBaseProject.Web", "DataBaseProject.Web\DataBaseProject.Web.csproj", "{52480330-1C2B-4B06-85AF-6CC402C30950}"
EndProject
Project("{FAE04EC0-301F-11D3-BF4B-00C04F79EFBC}") = "DataBaseProject.Business", "DataBaseProject.Business\DataBaseProject.Business.csproj", "{8D5B29B3-8A9F-40CC-9A58-BB720185AF26}"
EndProject
Global
	GlobalSection(SolutionConfigurationPlatforms) = preSolution
		Debug|Any CPU = Debug|Any CPU
		Release|Any CPU = Release|Any CPU
	EndGlobalSection
	GlobalSection(ProjectConfigurationPlatforms) = postSolution
		{49815E93-945B-43DB-8020-0BBFB8EE185C}.Debug|Any CPU.ActiveCfg = Debug|Any CPU
		{49815E93-945B-43DB-8020-0BBFB8EE185C}.Debug|Any CPU.Build.0 = Debug|Any CPU
		{49815E93-945B-43DB-8020-0BBFB8EE185C}.Release|Any CPU.ActiveCfg = Release|Any CPU
		{49815E93-945B-43DB-8020-0BBFB8EE185C}.Release|Any CPU.Build.0 = Release|Any CPU
		{1DA45455-40BA-438C-9E21-400A749C8550}.Debug|Any CPU.ActiveCfg = Debug|Any CPU
		{1DA45455-40BA-438C-9E21-400A749C8550}.Debug|Any CPU.Build.0 = Debug|Any CPU
		{1DA45455-40BA-438C-9E21-400A749C8550}.Release|Any CPU.ActiveCfg = Release|Any CPU
		{1DA45455-40BA-438C-9E21-400A749C8550}.Release|Any CPU.Build.0 = Release|Any CPU
		{52480330-1C2B-4B06-85AF-6CC402C30950}.Debug|Any CPU.ActiveCfg = Debug|Any CPU
		{52480330-1C2B-4B06-85AF-6CC402C30950}.Debug|Any CPU.Build.0 = Debug|Any CPU
		{52480330-1C2B-4B06-85AF-6CC402C30950}.Release|Any CPU.ActiveCfg = Release|Any CPU
		{52480330-1C2B-4B06-85AF-6CC402C30950}.Release|Any CPU.Build.0 = Release|Any CPU
		{8D5B29B3-8A9F-40CC-9A58-BB720185AF26}.Debug|Any CPU.ActiveCfg = Debug|Any CPU
		{8D5B29B3-8A9F-40CC-9A58-BB720185AF26}.Debug|Any CPU.Build.0 = Debug|Any CPU
		{8D5B29B3-8A9F-40CC-9A58-BB720185AF26}.Release|Any CPU.ActiveCfg = Release|Any CPU
		{8D5B29B3-8A9F-40CC-9A58-BB720185AF26}.Release|Any CPU.Build.0 = Release|Any CPU
	EndGlobalSection
	GlobalSection(SolutionProperties) = preSolution
		HideSolutionNode = FALSE
	EndGlobalSection
	GlobalSection(ExtensibilityGlobals) = postSolution
		SolutionGuid = {C94F054F-7013-45DC-9B8B-15F461932F08}
	EndGlobalSection
EndGlobal
